{
  "pins" : [
    {
      "identity" : "dswaveformimage",
      "kind" : "remoteSourceControl",
      "location" : "https://github.com/dmrschmidt/DSWaveformImage",
      "state" : {
        "branch" : "main",
        "revision" : "a9199a7a198de45313926ca62ae7691db07b6042"
      }
    },
    {
      "identity" : "popupview",
      "kind" : "remoteSourceControl",
      "location" : "https://github.com/exyte/PopupView.git",
      "state" : {
        "branch" : "master",
        "revision" : "f2f17384f06b95af625f604a132abcc7ec7336e0"
      }
    }
  ],
  "version" : 2
}
